
Microsoft Visual Studio Solution File, Format Version 12.00
# Visual Studio Version 16
VisualStudioVersion = 16.0.30804.86
MinimumVisualStudioVersion = 10.0.40219.1
Project("{FAE04EC0-301F-11D3-BF4B-00C04F79EFBC}") = "school", "school.csproj", "{FA4D8936-BA5C-46AF-A144-AE009BBEB621}"
EndProject
Global
	GlobalSection(SolutionConfigurationPlatforms) = preSolution
		Debug|Any CPU = Debug|Any CPU
		Release|Any CPU = Release|Any CPU
	EndGlobalSection
	GlobalSection(ProjectConfigurationPlatforms) = postSolution
		{FA4D8936-BA5C-46AF-A144-AE009BBEB621}.Debug|Any CPU.ActiveCfg = Debug|Any CPU
		{FA4D8936-BA5C-46AF-A144-AE009BBEB621}.Debug|Any CPU.Build.0 = Debug|Any CPU
		{FA4D8936-BA5C-46AF-A144-AE009BBEB621}.Release|Any CPU.ActiveCfg = Release|Any CPU
		{FA4D8936-BA5C-46AF-A144-AE009BBEB621}.Release|Any CPU.Build.0 = Release|Any CPU
	EndGlobalSection
	GlobalSection(SolutionProperties) = preSolution
		HideSolutionNode = FALSE
	EndGlobalSection
	GlobalSection(ExtensibilityGlobals) = postSolution
		SolutionGuid = {D7B24B89-7078-45A9-A8E0-0970CB0A564B}
	EndGlobalSection
EndGlobal
